{
  "requires": true,
  "lockfileVersion": 1,
  "dependencies": {
    "@fullcalendar/common": {
      "version": "5.6.0",
      "resolved": "https://registry.npmjs.org/@fullcalendar/common/-/common-5.6.0.tgz",
      "integrity": "sha512-4i4kZDVpRvfdKoJHRljDHsoYu466Odor9FhekP+67dIUoNnXSDTnQRmGfURwiF4RwaTsdWKe2+B7gors9G7zZA==",
      "requires": {
        "tslib": "^2.0.3"
      }
    },
    "@fullcalendar/daygrid": {
      "version": "5.6.0",
      "resolved": "https://registry.npmjs.org/@fullcalendar/daygrid/-/daygrid-5.6.0.tgz",
      "integrity": "sha512-UaNn6/vKQ3zI4/sDhrMACkIHOSZb/MA0JGlvvw3OTYFULqE5TISuYYnDbo9S1Wdz3AbTBvCzYy5Qk1vZQFsGwg==",
      "requires": {
        "@fullcalendar/common": "~5.6.0",
        "tslib": "^2.0.3"
      }
    },
    "@fullcalendar/premium-common": {
      "version": "5.6.0",
      "resolved": "https://registry.npmjs.org/@fullcalendar/premium-common/-/premium-common-5.6.0.tgz",
      "integrity": "sha512-AtcoKphdGasBHNlN9DD7Kxc/7EmCUpIRu7JVRJYnrm4cR8rM3gCUCMMoPt8pyEfy4P/GN/4wGko54kgPkLzUTg==",
      "requires": {
        "@fullcalendar/common": "~5.6.0",
        "tslib": "^2.0.3"
      }
    },
    "@fullcalendar/resource-common": {
      "version": "5.6.0",
      "resolved": "https://registry.npmjs.org/@fullcalendar/resource-common/-/resource-common-5.6.0.tgz",
      "integrity": "sha512-9FTGQcUO+ER6U44Tj32c+pSvsJ+5CrGs1RDxRyei8UIvUwY6SxQySgdAozW3yxwozEoc5TZ7xLrlLw7vKAwN6w==",
      "requires": {
        "@fullcalendar/common": "~5.6.0",
        "@fullcalendar/premium-common": "~5.6.0",
        "tslib": "^2.0.3"
      }
    },
    "@fullcalendar/resource-daygrid": {
      "version": "5.6.0",
      "resolved": "https://registry.npmjs.org/@fullcalendar/resource-daygrid/-/resource-daygrid-5.6.0.tgz",
      "integrity": "sha512-KWV61gxtgFoaFTPi6b/MP/FaROMtu8c2ijzznMY5VPjQzjU5CSaWLpPht1T2ZOije3QTiDZ8Gx4M4yLFKMHCAg==",
      "requires": {
        "@fullcalendar/common": "~5.6.0",
        "@fullcalendar/daygrid": "~5.6.0",
        "@fullcalendar/premium-common": "~5.6.0",
        "@fullcalendar/resource-common": "~5.6.0",
        "tslib": "^2.0.3"
      }
    },
    "@fullcalendar/resource-timegrid": {
      "version": "5.6.0",
      "resolved": "https://registry.npmjs.org/@fullcalendar/resource-timegrid/-/resource-timegrid-5.6.0.tgz",
      "integrity": "sha512-BAiSTeuL8P0YwG2o6roavDP2dlA5cXFrxcYhx4qvEyqxscmGunI5NnxhmXafpnWO60PgvwHO++EoJvAsR3WSSg==",
      "requires": {
        "@fullcalendar/common": "~5.6.0",
        "@fullcalendar/premium-common": "~5.6.0",
        "@fullcalendar/resource-common": "~5.6.0",
        "@fullcalendar/resource-daygrid": "~5.6.0",
        "@fullcalendar/timegrid": "~5.6.0",
        "tslib": "^2.0.3"
      }
    },
    "@fullcalendar/timegrid": {
      "version": "5.6.0",
      "resolved": "https://registry.npmjs.org/@fullcalendar/timegrid/-/timegrid-5.6.0.tgz",
      "integrity": "sha512-NG55pzPvrzZEuVq+/Vn1ZbyKARVjsE6PzhiOHvJuyt3gzVPeWjXGUWjDN3BSDZ8p/4dthbF6H9mCPia977aV1g==",
      "requires": {
        "@fullcalendar/common": "~5.6.0",
        "@fullcalendar/daygrid": "~5.6.0",
        "tslib": "^2.0.3"
      }
    },
    "fullcalendar-scheduler": {
      "version": "5.6.0",
      "resolved": "https://registry.npmjs.org/fullcalendar-scheduler/-/fullcalendar-scheduler-5.6.0.tgz",
      "integrity": "sha512-0jx/Q+6QqzvIGWU/52OE27UVjVAiM9E0o/qRwRcEhyuKlL54ypTF/yXP/wo0ctUtui5dDsilGNsSsba1xmARJA=="
    },
    "tslib": {
      "version": "2.2.0",
      "resolved": "https://registry.npmjs.org/tslib/-/tslib-2.2.0.tgz",
      "integrity": "sha512-gS9GVHRU+RGn5KQM2rllAlR3dU6m7AcpJKdtH8gFvQiC4Otgk98XnmMU+nZenHt/+VhnBPWwgrJsyrdcw6i23w=="
    }
  }
}
